// !$*UTF8*$!
{
	archiveVersion = 1;
	classes = {
	};
	objectVersion = 46;
	objects = {

/* Begin PBXBuildFile section */
		A10531F818A0EDB300593951 /* Foundation.framework in Frameworks */ = {isa = PBXBuildFile; fileRef = A10531F718A0EDB300593951 /* Foundation.framework */; };
		A10531FA18A0EDB300593951 /* CoreGraphics.framework in Frameworks */ = {isa = PBXBuildFile; fileRef = A10531F918A0EDB300593951 /* CoreGraphics.framework */; };
		A10531FC18A0EDB300593951 /* UIKit.framework in Frameworks */ = {isa = PBXBuildFile; fileRef = A10531FB18A0EDB300593951 /* UIKit.framework */; };
		A105320218A0EDB300593951 /* InfoPlist.strings in Resources */ = {isa = PBXBuildFile; fileRef = A105320018A0EDB300593951 /* InfoPlist.strings */; };
		A105320418A0EDB300593951 /* main.m in Sources */ = {isa = PBXBuildFile; fileRef = A105320318A0EDB300593951 /* main.m */; };
		A105320818A0EDB300593951 /* AppDelegate.m in Sources */ = {isa = PBXBuildFile; fileRef = A105320718A0EDB300593951 /* AppDelegate.m */; };
		A105320B18A0EDB300593951 /* Main.storyboard in Resources */ = {isa = PBXBuildFile; fileRef = A105320918A0EDB300593951 /* Main.storyboard */; };
		A105321018A0EDB300593951 /* Images.xcassets in Resources */ = {isa = PBXBuildFile; fileRef = A105320F18A0EDB300593951 /* Images.xcassets */; };
		A105321718A0EDB400593951 /* XCTest.framework in Frameworks */ = {isa = PBXBuildFile; fileRef = A105321618A0EDB400593951 /* XCTest.framework */; };
		A105321818A0EDB400593951 /* Foundation.framework in Frameworks */ = {isa = PBXBuildFile; fileRef = A10531F718A0EDB300593951 /* Foundation.framework */; };
		A105321918A0EDB400593951 /* UIKit.framework in Frameworks */ = {isa = PBXBuildFile; fileRef = A10531FB18A0EDB300593951 /* UIKit.framework */; };
		A105322118A0EDB400593951 /* InfoPlist.strings in Resources */ = {isa = PBXBuildFile; fileRef = A105321F18A0EDB400593951 /* InfoPlist.strings */; };
		A105322318A0EDB400593951 /* TravelLogTests.m in Sources */ = {isa = PBXBuildFile; fileRef = A105322218A0EDB400593951 /* TravelLogTests.m */; };
		A10C44DA18A60BA3001EEB5E /* R9HTTPRequest.m in Sources */ = {isa = PBXBuildFile; fileRef = A10C44D918A60BA3001EEB5E /* R9HTTPRequest.m */; };
		A145BA2C18A31C9100E561B5 /* RootViewController.m in Sources */ = {isa = PBXBuildFile; fileRef = A145BA2B18A31C9100E561B5 /* RootViewController.m */; };
		A195A19018AB13AC00F42F3A /* RootViewBackground.png in Resources */ = {isa = PBXBuildFile; fileRef = A195A18F18AB13AC00F42F3A /* RootViewBackground.png */; };
		A195A19318AB1B0500F42F3A /* AlbumViewController.m in Sources */ = {isa = PBXBuildFile; fileRef = A195A19218AB1B0500F42F3A /* AlbumViewController.m */; };
		A195A19618AB1B4D00F42F3A /* TravelViewController.m in Sources */ = {isa = PBXBuildFile; fileRef = A195A19518AB1B4D00F42F3A /* TravelViewController.m */; };
		A195A19818AC9F6F00F42F3A /* GoogleMaps.framework in Frameworks */ = {isa = PBXBuildFile; fileRef = A195A19718AC9F6F00F42F3A /* GoogleMaps.framework */; };
		A195A19C18ACA10C00F42F3A /* GoogleMaps.bundle in Resources */ = {isa = PBXBuildFile; fileRef = A195A19B18ACA10C00F42F3A /* GoogleMaps.bundle */; };
		A195A19E18ACA15F00F42F3A /* AVFoundation.framework in Frameworks */ = {isa = PBXBuildFile; fileRef = A195A19D18ACA15F00F42F3A /* AVFoundation.framework */; };
		A195A1A018ACA16A00F42F3A /* CoreData.framework in Frameworks */ = {isa = PBXBuildFile; fileRef = A195A19F18ACA16A00F42F3A /* CoreData.framework */; };
		A195A1A218ACA17600F42F3A /* CoreLocation.framework in Frameworks */ = {isa = PBXBuildFile; fileRef = A195A1A118ACA17600F42F3A /* CoreLocation.framework */; };
		A195A1A418ACA18200F42F3A /* CoreText.framework in Frameworks */ = {isa = PBXBuildFile; fileRef = A195A1A318ACA18200F42F3A /* CoreText.framework */; };
		A195A1A618ACA19800F42F3A /* GLKit.framework in Frameworks */ = {isa = PBXBuildFile; fileRef = A195A1A518ACA19800F42F3A /* GLKit.framework */; };
		A195A1A818ACA21100F42F3A /* ImageIO.framework in Frameworks */ = {isa = PBXBuildFile; fileRef = A195A1A718ACA21100F42F3A /* ImageIO.framework */; };
		A195A1AF18ACA26C00F42F3A /* libc++.dylib in Frameworks */ = {isa = PBXBuildFile; fileRef = A195A1A918ACA26C00F42F3A /* libc++.dylib */; };
		A195A1B018ACA26C00F42F3A /* libicucore.dylib in Frameworks */ = {isa = PBXBuildFile; fileRef = A195A1AA18ACA26C00F42F3A /* libicucore.dylib */; };
		A195A1B118ACA26C00F42F3A /* libz.dylib in Frameworks */ = {isa = PBXBuildFile; fileRef = A195A1AB18ACA26C00F42F3A /* libz.dylib */; };
		A195A1B218ACA26C00F42F3A /* OpenGLES.framework in Frameworks */ = {isa = PBXBuildFile; fileRef = A195A1AC18ACA26C00F42F3A /* OpenGLES.framework */; };
		A195A1B318ACA26C00F42F3A /* QuartzCore.framework in Frameworks */ = {isa = PBXBuildFile; fileRef = A195A1AD18ACA26C00F42F3A /* QuartzCore.framework */; };
		A195A1B418ACA26C00F42F3A /* SystemConfiguration.framework in Frameworks */ = {isa = PBXBuildFile; fileRef = A195A1AE18ACA26C00F42F3A /* SystemConfiguration.framework */; };
		A195A1C018ACBE4D00F42F3A /* FMDatabase.m in Sources */ = {isa = PBXBuildFile; fileRef = A195A1B718ACBE4D00F42F3A /* FMDatabase.m */; };
		A195A1C118ACBE4D00F42F3A /* FMDatabaseAdditions.m in Sources */ = {isa = PBXBuildFile; fileRef = A195A1B918ACBE4D00F42F3A /* FMDatabaseAdditions.m */; };
		A195A1C218ACBE4D00F42F3A /* FMDatabasePool.m in Sources */ = {isa = PBXBuildFile; fileRef = A195A1BB18ACBE4D00F42F3A /* FMDatabasePool.m */; };
		A195A1C318ACBE4D00F42F3A /* FMDatabaseQueue.m in Sources */ = {isa = PBXBuildFile; fileRef = A195A1BD18ACBE4D00F42F3A /* FMDatabaseQueue.m */; };
		A195A1C418ACBE4D00F42F3A /* FMResultSet.m in Sources */ = {isa = PBXBuildFile; fileRef = A195A1BF18ACBE4D00F42F3A /* FMResultSet.m */; };
		A195A1C618ACBEA600F42F3A /* libsqlite3.0.dylib in Frameworks */ = {isa = PBXBuildFile; fileRef = A195A1C518ACBEA600F42F3A /* libsqlite3.0.dylib */; };
		A19B634A18A4C00A00685110 /* UserDefaultAccess.m in Sources */ = {isa = PBXBuildFile; fileRef = A19B634918A4C00A00685110 /* UserDefaultAccess.m */; };
		A19B634D18A4C10100685110 /* LocalDatabaseAccess.m in Sources */ = {isa = PBXBuildFile; fileRef = A19B634C18A4C10100685110 /* LocalDatabaseAccess.m */; };
		A19B635018A4C12C00685110 /* RemoteDatabaseAccess.m in Sources */ = {isa = PBXBuildFile; fileRef = A19B634F18A4C12C00685110 /* RemoteDatabaseAccess.m */; };
/* End PBXBuildFile section */

/* Begin PBXContainerItemProxy section */
		A105321A18A0EDB400593951 /* PBXContainerItemProxy */ = {
			isa = PBXContainerItemProxy;
			containerPortal = A10531EC18A0EDB300593951 /* Project object */;
			proxyType = 1;
			remoteGlobalIDString = A10531F318A0EDB300593951;
			remoteInfo = TravelLog;
		};
/* End PBXContainerItemProxy section */

/* Begin PBXFileReference section */
		A10531F418A0EDB300593951 /* TravelLog.app */ = {isa = PBXFileReference; explicitFileType = wrapper.application; includeInIndex = 0; path = TravelLog.app; sourceTree = BUILT_PRODUCTS_DIR; };
		A10531F718A0EDB300593951 /* Foundation.framework */ = {isa = PBXFileReference; lastKnownFileType = wrapper.framework; name = Foundation.framework; path = System/Library/Frameworks/Foundation.framework; sourceTree = SDKROOT; };
		A10531F918A0EDB300593951 /* CoreGraphics.framework */ = {isa = PBXFileReference; lastKnownFileType = wrapper.framework; name = CoreGraphics.framework; path = System/Library/Frameworks/CoreGraphics.framework; sourceTree = SDKROOT; };
		A10531FB18A0EDB300593951 /* UIKit.framework */ = {isa = PBXFileReference; lastKnownFileType = wrapper.framework; name = UIKit.framework; path = System/Library/Frameworks/UIKit.framework; sourceTree = SDKROOT; };
		A10531FF18A0EDB300593951 /* TravelLog-Info.plist */ = {isa = PBXFileReference; lastKnownFileType = text.plist.xml; path = "TravelLog-Info.plist"; sourceTree = "<group>"; };
		A105320118A0EDB300593951 /* en */ = {isa = PBXFileReference; lastKnownFileType = text.plist.strings; name = en; path = en.lproj/InfoPlist.strings; sourceTree = "<group>"; };
		A105320318A0EDB300593951 /* main.m */ = {isa = PBXFileReference; lastKnownFileType = sourcecode.c.objc; path = main.m; sourceTree = "<group>"; };
		A105320518A0EDB300593951 /* TravelLog-Prefix.pch */ = {isa = PBXFileReference; lastKnownFileType = sourcecode.c.h; path = "TravelLog-Prefix.pch"; sourceTree = "<group>"; };
		A105320618A0EDB300593951 /* AppDelegate.h */ = {isa = PBXFileReference; lastKnownFileType = sourcecode.c.h; path = AppDelegate.h; sourceTree = "<group>"; };
		A105320718A0EDB300593951 /* AppDelegate.m */ = {isa = PBXFileReference; lastKnownFileType = sourcecode.c.objc; path = AppDelegate.m; sourceTree = "<group>"; };
		A105320A18A0EDB300593951 /* Base */ = {isa = PBXFileReference; lastKnownFileType = file.storyboard; name = Base; path = Base.lproj/Main.storyboard; sourceTree = "<group>"; };
		A105320F18A0EDB300593951 /* Images.xcassets */ = {isa = PBXFileReference; lastKnownFileType = folder.assetcatalog; path = Images.xcassets; sourceTree = "<group>"; };
		A105321518A0EDB400593951 /* TravelLogTests.xctest */ = {isa = PBXFileReference; explicitFileType = wrapper.cfbundle; includeInIndex = 0; path = TravelLogTests.xctest; sourceTree = BUILT_PRODUCTS_DIR; };
		A105321618A0EDB400593951 /* XCTest.framework */ = {isa = PBXFileReference; lastKnownFileType = wrapper.framework; name = XCTest.framework; path = Library/Frameworks/XCTest.framework; sourceTree = DEVELOPER_DIR; };
		A105321E18A0EDB400593951 /* TravelLogTests-Info.plist */ = {isa = PBXFileReference; lastKnownFileType = text.plist.xml; path = "TravelLogTests-Info.plist"; sourceTree = "<group>"; };
		A105322018A0EDB400593951 /* en */ = {isa = PBXFileReference; lastKnownFileType = text.plist.strings; name = en; path = en.lproj/InfoPlist.strings; sourceTree = "<group>"; };
		A105322218A0EDB400593951 /* TravelLogTests.m */ = {isa = PBXFileReference; lastKnownFileType = sourcecode.c.objc; path = TravelLogTests.m; sourceTree = "<group>"; };
		A10C44D818A60BA3001EEB5E /* R9HTTPRequest.h */ = {isa = PBXFileReference; fileEncoding = 4; lastKnownFileType = sourcecode.c.h; path = R9HTTPRequest.h; sourceTree = "<group>"; };
		A10C44D918A60BA3001EEB5E /* R9HTTPRequest.m */ = {isa = PBXFileReference; fileEncoding = 4; lastKnownFileType = sourcecode.c.objc; path = R9HTTPRequest.m; sourceTree = "<group>"; };
		A145BA2A18A31C9100E561B5 /* RootViewController.h */ = {isa = PBXFileReference; fileEncoding = 4; lastKnownFileType = sourcecode.c.h; path = RootViewController.h; sourceTree = "<group>"; };
		A145BA2B18A31C9100E561B5 /* RootViewController.m */ = {isa = PBXFileReference; fileEncoding = 4; lastKnownFileType = sourcecode.c.objc; path = RootViewController.m; sourceTree = "<group>"; };
		A195A18F18AB13AC00F42F3A /* RootViewBackground.png */ = {isa = PBXFileReference; lastKnownFileType = image.png; path = RootViewBackground.png; sourceTree = "<group>"; };
		A195A19118AB1B0500F42F3A /* AlbumViewController.h */ = {isa = PBXFileReference; fileEncoding = 4; lastKnownFileType = sourcecode.c.h; name = AlbumViewController.h; path = TravelLog/AlbumViewController.h; sourceTree = "<group>"; };
		A195A19218AB1B0500F42F3A /* AlbumViewController.m */ = {isa = PBXFileReference; fileEncoding = 4; lastKnownFileType = sourcecode.c.objc; name = AlbumViewController.m; path = TravelLog/AlbumViewController.m; sourceTree = "<group>"; };
		A195A19418AB1B4D00F42F3A /* TravelViewController.h */ = {isa = PBXFileReference; fileEncoding = 4; lastKnownFileType = sourcecode.c.h; name = TravelViewController.h; path = TravelLog/TravelViewController.h; sourceTree = "<group>"; };
		A195A19518AB1B4D00F42F3A /* TravelViewController.m */ = {isa = PBXFileReference; fileEncoding = 4; lastKnownFileType = sourcecode.c.objc; name = TravelViewController.m; path = TravelLog/TravelViewController.m; sourceTree = "<group>"; };
		A195A19718AC9F6F00F42F3A /* GoogleMaps.framework */ = {isa = PBXFileReference; lastKnownFileType = wrapper.framework; name = GoogleMaps.framework; path = TravelLog/GoogleMaps.framework; sourceTree = "<group>"; };
		A195A19B18ACA10C00F42F3A /* GoogleMaps.bundle */ = {isa = PBXFileReference; lastKnownFileType = "wrapper.plug-in"; name = GoogleMaps.bundle; path = TravelLog/GoogleMaps.framework/Versions/A/Resources/GoogleMaps.bundle; sourceTree = "<group>"; };
		A195A19D18ACA15F00F42F3A /* AVFoundation.framework */ = {isa = PBXFileReference; lastKnownFileType = wrapper.framework; name = AVFoundation.framework; path = System/Library/Frameworks/AVFoundation.framework; sourceTree = SDKROOT; };
		A195A19F18ACA16A00F42F3A /* CoreData.framework */ = {isa = PBXFileReference; lastKnownFileType = wrapper.framework; name = CoreData.framework; path = System/Library/Frameworks/CoreData.framework; sourceTree = SDKROOT; };
		A195A1A118ACA17600F42F3A /* CoreLocation.framework */ = {isa = PBXFileReference; lastKnownFileType = wrapper.framework; name = CoreLocation.framework; path = System/Library/Frameworks/CoreLocation.framework; sourceTree = SDKROOT; };
		A195A1A318ACA18200F42F3A /* CoreText.framework */ = {isa = PBXFileReference; lastKnownFileType = wrapper.framework; name = CoreText.framework; path = System/Library/Frameworks/CoreText.framework; sourceTree = SDKROOT; };
		A195A1A518ACA19800F42F3A /* GLKit.framework */ = {isa = PBXFileReference; lastKnownFileType = wrapper.framework; name = GLKit.framework; path = System/Library/Frameworks/GLKit.framework; sourceTree = SDKROOT; };
		A195A1A718ACA21100F42F3A /* ImageIO.framework */ = {isa = PBXFileReference; lastKnownFileType = wrapper.framework; name = ImageIO.framework; path = System/Library/Frameworks/ImageIO.framework; sourceTree = SDKROOT; };
		A195A1A918ACA26C00F42F3A /* libc++.dylib */ = {isa = PBXFileReference; lastKnownFileType = "compiled.mach-o.dylib"; name = "libc++.dylib"; path = "usr/lib/libc++.dylib"; sourceTree = SDKROOT; };
		A195A1AA18ACA26C00F42F3A /* libicucore.dylib */ = {isa = PBXFileReference; lastKnownFileType = "compiled.mach-o.dylib"; name = libicucore.dylib; path = usr/lib/libicucore.dylib; sourceTree = SDKROOT; };
		A195A1AB18ACA26C00F42F3A /* libz.dylib */ = {isa = PBXFileReference; lastKnownFileType = "compiled.mach-o.dylib"; name = libz.dylib; path = usr/lib/libz.dylib; sourceTree = SDKROOT; };
		A195A1AC18ACA26C00F42F3A /* OpenGLES.framework */ = {isa = PBXFileReference; lastKnownFileType = wrapper.framework; name = OpenGLES.framework; path = System/Library/Frameworks/OpenGLES.framework; sourceTree = SDKROOT; };
		A195A1AD18ACA26C00F42F3A /* QuartzCore.framework */ = {isa = PBXFileReference; lastKnownFileType = wrapper.framework; name = QuartzCore.framework; path = System/Library/Frameworks/QuartzCore.framework; sourceTree = SDKROOT; };
		A195A1AE18ACA26C00F42F3A /* SystemConfiguration.framework */ = {isa = PBXFileReference; lastKnownFileType = wrapper.framework; name = SystemConfiguration.framework; path = System/Library/Frameworks/SystemConfiguration.framework; sourceTree = SDKROOT; };
		A195A1B618ACBE4D00F42F3A /* FMDatabase.h */ = {isa = PBXFileReference; fileEncoding = 4; lastKnownFileType = sourcecode.c.h; path = FMDatabase.h; sourceTree = "<group>"; };
		A195A1B718ACBE4D00F42F3A /* FMDatabase.m */ = {isa = PBXFileReference; fileEncoding = 4; lastKnownFileType = sourcecode.c.objc; path = FMDatabase.m; sourceTree = "<group>"; };
		A195A1B818ACBE4D00F42F3A /* FMDatabaseAdditions.h */ = {isa = PBXFileReference; fileEncoding = 4; lastKnownFileType = sourcecode.c.h; path = FMDatabaseAdditions.h; sourceTree = "<group>"; };
		A195A1B918ACBE4D00F42F3A /* FMDatabaseAdditions.m */ = {isa = PBXFileReference; fileEncoding = 4; lastKnownFileType = sourcecode.c.objc; path = FMDatabaseAdditions.m; sourceTree = "<group>"; };
		A195A1BA18ACBE4D00F42F3A /* FMDatabasePool.h */ = {isa = PBXFileReference; fileEncoding = 4; lastKnownFileType = sourcecode.c.h; path = FMDatabasePool.h; sourceTree = "<group>"; };
		A195A1BB18ACBE4D00F42F3A /* FMDatabasePool.m */ = {isa = PBXFileReference; fileEncoding = 4; lastKnownFileType = sourcecode.c.objc; path = FMDatabasePool.m; sourceTree = "<group>"; };
		A195A1BC18ACBE4D00F42F3A /* FMDatabaseQueue.h */ = {isa = PBXFileReference; fileEncoding = 4; lastKnownFileType = sourcecode.c.h; path = FMDatabaseQueue.h; sourceTree = "<group>"; };
		A195A1BD18ACBE4D00F42F3A /* FMDatabaseQueue.m */ = {isa = PBXFileReference; fileEncoding = 4; lastKnownFileType = sourcecode.c.objc; path = FMDatabaseQueue.m; sourceTree = "<group>"; };
		A195A1BE18ACBE4D00F42F3A /* FMResultSet.h */ = {isa = PBXFileReference; fileEncoding = 4; lastKnownFileType = sourcecode.c.h; path = FMResultSet.h; sourceTree = "<group>"; };
		A195A1BF18ACBE4D00F42F3A /* FMResultSet.m */ = {isa = PBXFileReference; fileEncoding = 4; lastKnownFileType = sourcecode.c.objc; path = FMResultSet.m; sourceTree = "<group>"; };
		A195A1C518ACBEA600F42F3A /* libsqlite3.0.dylib */ = {isa = PBXFileReference; lastKnownFileType = "compiled.mach-o.dylib"; name = libsqlite3.0.dylib; path = usr/lib/libsqlite3.0.dylib; sourceTree = SDKROOT; };
		A19B634818A4C00A00685110 /* UserDefaultAccess.h */ = {isa = PBXFileReference; fileEncoding = 4; lastKnownFileType = sourcecode.c.h; path = UserDefaultAccess.h; sourceTree = "<group>"; };
		A19B634918A4C00A00685110 /* UserDefaultAccess.m */ = {isa = PBXFileReference; fileEncoding = 4; lastKnownFileType = sourcecode.c.objc; path = UserDefaultAccess.m; sourceTree = "<group>"; };
		A19B634B18A4C10100685110 /* LocalDatabaseAccess.h */ = {isa = PBXFileReference; fileEncoding = 4; lastKnownFileType = sourcecode.c.h; path = LocalDatabaseAccess.h; sourceTree = "<group>"; };
		A19B634C18A4C10100685110 /* LocalDatabaseAccess.m */ = {isa = PBXFileReference; fileEncoding = 4; lastKnownFileType = sourcecode.c.objc; path = LocalDatabaseAccess.m; sourceTree = "<group>"; };
		A19B634E18A4C12C00685110 /* RemoteDatabaseAccess.h */ = {isa = PBXFileReference; fileEncoding = 4; lastKnownFileType = sourcecode.c.h; path = RemoteDatabaseAccess.h; sourceTree = "<group>"; };
		A19B634F18A4C12C00685110 /* RemoteDatabaseAccess.m */ = {isa = PBXFileReference; fileEncoding = 4; lastKnownFileType = sourcecode.c.objc; path = RemoteDatabaseAccess.m; sourceTree = "<group>"; };
/* End PBXFileReference section */

/* Begin PBXFrameworksBuildPhase section */
		A10531F118A0EDB300593951 /* Frameworks */ = {
			isa = PBXFrameworksBuildPhase;
			buildActionMask = 2147483647;
			files = (
				A195A1C618ACBEA600F42F3A /* libsqlite3.0.dylib in Frameworks */,
				A195A1AF18ACA26C00F42F3A /* libc++.dylib in Frameworks */,
				A195A1B018ACA26C00F42F3A /* libicucore.dylib in Frameworks */,
				A195A1B118ACA26C00F42F3A /* libz.dylib in Frameworks */,
				A195A1B218ACA26C00F42F3A /* OpenGLES.framework in Frameworks */,
				A195A1B318ACA26C00F42F3A /* QuartzCore.framework in Frameworks */,
				A195A1B418ACA26C00F42F3A /* SystemConfiguration.framework in Frameworks */,
				A195A1A818ACA21100F42F3A /* ImageIO.framework in Frameworks */,
				A195A1A618ACA19800F42F3A /* GLKit.framework in Frameworks */,
				A195A1A418ACA18200F42F3A /* CoreText.framework in Frameworks */,
				A195A1A218ACA17600F42F3A /* CoreLocation.framework in Frameworks */,
				A195A1A018ACA16A00F42F3A /* CoreData.framework in Frameworks */,
				A195A19E18ACA15F00F42F3A /* AVFoundation.framework in Frameworks */,
				A10531FA18A0EDB300593951 /* CoreGraphics.framework in Frameworks */,
				A10531FC18A0EDB300593951 /* UIKit.framework in Frameworks */,
				A195A19818AC9F6F00F42F3A /* GoogleMaps.framework in Frameworks */,
				A10531F818A0EDB300593951 /* Foundation.framework in Frameworks */,
			);
			runOnlyForDeploymentPostprocessing = 0;
		};
		A105321218A0EDB400593951 /* Frameworks */ = {
			isa = PBXFrameworksBuildPhase;
			buildActionMask = 2147483647;
			files = (
				A105321718A0EDB400593951 /* XCTest.framework in Frameworks */,
				A105321918A0EDB400593951 /* UIKit.framework in Frameworks */,
				A105321818A0EDB400593951 /* Foundation.framework in Frameworks */,
			);
			runOnlyForDeploymentPostprocessing = 0;
		};
/* End PBXFrameworksBuildPhase section */

/* Begin PBXGroup section */
		A10531EB18A0EDB300593951 = {
			isa = PBXGroup;
			children = (
				A10531FD18A0EDB300593951 /* TravelLog */,
				A105321C18A0EDB400593951 /* TravelLogTests */,
				A10531F618A0EDB300593951 /* Frameworks */,
				A10531F518A0EDB300593951 /* Products */,
			);
			sourceTree = "<group>";
		};
		A10531F518A0EDB300593951 /* Products */ = {
			isa = PBXGroup;
			children = (
				A10531F418A0EDB300593951 /* TravelLog.app */,
				A105321518A0EDB400593951 /* TravelLogTests.xctest */,
			);
			name = Products;
			sourceTree = "<group>";
		};
		A10531F618A0EDB300593951 /* Frameworks */ = {
			isa = PBXGroup;
			children = (
				A195A1C518ACBEA600F42F3A /* libsqlite3.0.dylib */,
				A195A1A918ACA26C00F42F3A /* libc++.dylib */,
				A195A1AA18ACA26C00F42F3A /* libicucore.dylib */,
				A195A1AB18ACA26C00F42F3A /* libz.dylib */,
				A195A1AC18ACA26C00F42F3A /* OpenGLES.framework */,
				A195A1AD18ACA26C00F42F3A /* QuartzCore.framework */,
				A195A1AE18ACA26C00F42F3A /* SystemConfiguration.framework */,
				A195A1A718ACA21100F42F3A /* ImageIO.framework */,
				A195A1A518ACA19800F42F3A /* GLKit.framework */,
				A195A1A318ACA18200F42F3A /* CoreText.framework */,
				A195A1A118ACA17600F42F3A /* CoreLocation.framework */,
				A195A19F18ACA16A00F42F3A /* CoreData.framework */,
				A195A19D18ACA15F00F42F3A /* AVFoundation.framework */,
				A195A19B18ACA10C00F42F3A /* GoogleMaps.bundle */,
				A195A19718AC9F6F00F42F3A /* GoogleMaps.framework */,
				A10531F718A0EDB300593951 /* Foundation.framework */,
				A10531F918A0EDB300593951 /* CoreGraphics.framework */,
				A10531FB18A0EDB300593951 /* UIKit.framework */,
				A105321618A0EDB400593951 /* XCTest.framework */,
			);
			name = Frameworks;
			sourceTree = "<group>";
		};
		A10531FD18A0EDB300593951 /* TravelLog */ = {
			isa = PBXGroup;
			children = (
				A105320618A0EDB300593951 /* AppDelegate.h */,
				A105320718A0EDB300593951 /* AppDelegate.m */,
				A105320918A0EDB300593951 /* Main.storyboard */,
				A145BA2A18A31C9100E561B5 /* RootViewController.h */,
				A145BA2B18A31C9100E561B5 /* RootViewController.m */,
				A195A18E18AB136900F42F3A /* Image */,
				A105320F18A0EDB300593951 /* Images.xcassets */,
				A105322D18A0EE5200593951 /* Controller */,
				A105322C18A0EE2F00593951 /* Model */,
				A105322E18A0F04C00593951 /* NewTravelView */,
				A105322F18A0F08100593951 /* AlbumView */,
				A10C44DB18A60E57001EEB5E /* HTTPRequest */,
				A195A1B518ACBE4D00F42F3A /* SQLite */,
				A10531FE18A0EDB300593951 /* Supporting Files */,
			);
			path = TravelLog;
			sourceTree = "<group>";
		};
		A10531FE18A0EDB300593951 /* Supporting Files */ = {
			isa = PBXGroup;
			children = (
				A10531FF18A0EDB300593951 /* TravelLog-Info.plist */,
				A105320018A0EDB300593951 /* InfoPlist.strings */,
				A105320318A0EDB300593951 /* main.m */,
				A105320518A0EDB300593951 /* TravelLog-Prefix.pch */,
			);
			name = "Supporting Files";
			sourceTree = "<group>";
		};
		A105321C18A0EDB400593951 /* TravelLogTests */ = {
			isa = PBXGroup;
			children = (
				A105322218A0EDB400593951 /* TravelLogTests.m */,
				A105321D18A0EDB400593951 /* Supporting Files */,
			);
			path = TravelLogTests;
			sourceTree = "<group>";
		};
		A105321D18A0EDB400593951 /* Supporting Files */ = {
			isa = PBXGroup;
			children = (
				A105321E18A0EDB400593951 /* TravelLogTests-Info.plist */,
				A105321F18A0EDB400593951 /* InfoPlist.strings */,
			);
			name = "Supporting Files";
			sourceTree = "<group>";
		};
		A105322C18A0EE2F00593951 /* Model */ = {
			isa = PBXGroup;
			children = (
				A19B634818A4C00A00685110 /* UserDefaultAccess.h */,
				A19B634918A4C00A00685110 /* UserDefaultAccess.m */,
				A19B634B18A4C10100685110 /* LocalDatabaseAccess.h */,
				A19B634C18A4C10100685110 /* LocalDatabaseAccess.m */,
				A19B634E18A4C12C00685110 /* RemoteDatabaseAccess.h */,
				A19B634F18A4C12C00685110 /* RemoteDatabaseAccess.m */,
			);
			name = Model;
			sourceTree = "<group>";
		};
		A105322D18A0EE5200593951 /* Controller */ = {
			isa = PBXGroup;
			children = (
			);
			name = Controller;
			sourceTree = "<group>";
		};
		A105322E18A0F04C00593951 /* NewTravelView */ = {
			isa = PBXGroup;
			children = (
				A195A19418AB1B4D00F42F3A /* TravelViewController.h */,
				A195A19518AB1B4D00F42F3A /* TravelViewController.m */,
			);
			name = NewTravelView;
			path = ..;
			sourceTree = "<group>";
		};
		A105322F18A0F08100593951 /* AlbumView */ = {
			isa = PBXGroup;
			children = (
				A195A19118AB1B0500F42F3A /* AlbumViewController.h */,
				A195A19218AB1B0500F42F3A /* AlbumViewController.m */,
			);
			name = AlbumView;
			path = ..;
			sourceTree = "<group>";
		};
		A10C44DB18A60E57001EEB5E /* HTTPRequest */ = {
			isa = PBXGroup;
			children = (
				A10C44D818A60BA3001EEB5E /* R9HTTPRequest.h */,
				A10C44D918A60BA3001EEB5E /* R9HTTPRequest.m */,
			);
			name = HTTPRequest;
			path = ..;
			sourceTree = "<group>";
		};
		A195A18E18AB136900F42F3A /* Image */ = {
			isa = PBXGroup;
			children = (
				A195A18F18AB13AC00F42F3A /* RootViewBackground.png */,
			);
			name = Image;
			sourceTree = "<group>";
		};
		A195A1B518ACBE4D00F42F3A /* SQLite */ = {
			isa = PBXGroup;
			children = (
				A195A1B618ACBE4D00F42F3A /* FMDatabase.h */,
				A195A1B718ACBE4D00F42F3A /* FMDatabase.m */,
				A195A1B818ACBE4D00F42F3A /* FMDatabaseAdditions.h */,
				A195A1B918ACBE4D00F42F3A /* FMDatabaseAdditions.m */,
				A195A1BA18ACBE4D00F42F3A /* FMDatabasePool.h */,
				A195A1BB18ACBE4D00F42F3A /* FMDatabasePool.m */,
				A195A1BC18ACBE4D00F42F3A /* FMDatabaseQueue.h */,
				A195A1BD18ACBE4D00F42F3A /* FMDatabaseQueue.m */,
				A195A1BE18ACBE4D00F42F3A /* FMResultSet.h */,
				A195A1BF18ACBE4D00F42F3A /* FMResultSet.m */,
			);
			name = SQLite;
			path = ../SQLite;
			sourceTree = "<group>";
		};
/* End PBXGroup section */

/* Begin PBXNativeTarget section */
		A10531F318A0EDB300593951 /* TravelLog */ = {
			isa = PBXNativeTarget;
			buildConfigurationList = A105322618A0EDB400593951 /* Build configuration list for PBXNativeTarget "TravelLog" */;
			buildPhases = (
				A10531F018A0EDB300593951 /* Sources */,
				A10531F118A0EDB300593951 /* Frameworks */,
				A10531F218A0EDB300593951 /* Resources */,
			);
			buildRules = (
			);
			dependencies = (
			);
			name = TravelLog;
			productName = TravelLog;
			productReference = A10531F418A0EDB300593951 /* TravelLog.app */;
			productType = "com.apple.product-type.application";
		};
		A105321418A0EDB400593951 /* TravelLogTests */ = {
			isa = PBXNativeTarget;
			buildConfigurationList = A105322918A0EDB400593951 /* Build configuration list for PBXNativeTarget "TravelLogTests" */;
			buildPhases = (
				A105321118A0EDB400593951 /* Sources */,
				A105321218A0EDB400593951 /* Frameworks */,
				A105321318A0EDB400593951 /* Resources */,
			);
			buildRules = (
			);
			dependencies = (
				A105321B18A0EDB400593951 /* PBXTargetDependency */,
			);
			name = TravelLogTests;
			productName = TravelLogTests;
			productReference = A105321518A0EDB400593951 /* TravelLogTests.xctest */;
			productType = "com.apple.product-type.bundle.unit-test";
		};
/* End PBXNativeTarget section */

/* Begin PBXProject section */
		A10531EC18A0EDB300593951 /* Project object */ = {
			isa = PBXProject;
			attributes = {
				LastUpgradeCheck = 0500;
				ORGANIZATIONNAME = Yosuke;
				TargetAttributes = {
					A105321418A0EDB400593951 = {
						TestTargetID = A10531F318A0EDB300593951;
					};
				};
			};
			buildConfigurationList = A10531EF18A0EDB300593951 /* Build configuration list for PBXProject "TravelLog" */;
			compatibilityVersion = "Xcode 3.2";
			developmentRegion = English;
			hasScannedForEncodings = 0;
			knownRegions = (
				en,
				Base,
			);
			mainGroup = A10531EB18A0EDB300593951;
			productRefGroup = A10531F518A0EDB300593951 /* Products */;
			projectDirPath = "";
			projectRoot = "";
			targets = (
				A10531F318A0EDB300593951 /* TravelLog */,
				A105321418A0EDB400593951 /* TravelLogTests */,
			);
		};
/* End PBXProject section */

/* Begin PBXResourcesBuildPhase section */
		A10531F218A0EDB300593951 /* Resources */ = {
			isa = PBXResourcesBuildPhase;
			buildActionMask = 2147483647;
			files = (
				A195A19C18ACA10C00F42F3A /* GoogleMaps.bundle in Resources */,
				A195A19018AB13AC00F42F3A /* RootViewBackground.png in Resources */,
				A105321018A0EDB300593951 /* Images.xcassets in Resources */,
				A105320218A0EDB300593951 /* InfoPlist.strings in Resources */,
				A105320B18A0EDB300593951 /* Main.storyboard in Resources */,
			);
			runOnlyForDeploymentPostprocessing = 0;
		};
		A105321318A0EDB400593951 /* Resources */ = {
			isa = PBXResourcesBuildPhase;
			buildActionMask = 2147483647;
			files = (
				A105322118A0EDB400593951 /* InfoPlist.strings in Resources */,
			);
			runOnlyForDeploymentPostprocessing = 0;
		};
/* End PBXResourcesBuildPhase section */

/* Begin PBXSourcesBuildPhase section */
		A10531F018A0EDB300593951 /* Sources */ = {
			isa = PBXSourcesBuildPhase;
			buildActionMask = 2147483647;
			files = (
				A195A19318AB1B0500F42F3A /* AlbumViewController.m in Sources */,
				A195A1C218ACBE4D00F42F3A /* FMDatabasePool.m in Sources */,
				A195A1C418ACBE4D00F42F3A /* FMResultSet.m in Sources */,
				A19B634D18A4C10100685110 /* LocalDatabaseAccess.m in Sources */,
				A10C44DA18A60BA3001EEB5E /* R9HTTPRequest.m in Sources */,
				A195A1C318ACBE4D00F42F3A /* FMDatabaseQueue.m in Sources */,
				A195A1C018ACBE4D00F42F3A /* FMDatabase.m in Sources */,
				A19B634A18A4C00A00685110 /* UserDefaultAccess.m in Sources */,
				A19B635018A4C12C00685110 /* RemoteDatabaseAccess.m in Sources */,
				A195A19618AB1B4D00F42F3A /* TravelViewController.m in Sources */,
				A195A1C118ACBE4D00F42F3A /* FMDatabaseAdditions.m in Sources */,
				A105320818A0EDB300593951 /* AppDelegate.m in Sources */,
				A145BA2C18A31C9100E561B5 /* RootViewController.m in Sources */,
				A105320418A0EDB300593951 /* main.m in Sources */,
			);
			runOnlyForDeploymentPostprocessing = 0;
		};
		A105321118A0EDB400593951 /* Sources */ = {
			isa = PBXSourcesBuildPhase;
			buildActionMask = 2147483647;
			files = (
				A105322318A0EDB400593951 /* TravelLogTests.m in Sources */,
			);
			runOnlyForDeploymentPostprocessing = 0;
		};
/* End PBXSourcesBuildPhase section */

/* Begin PBXTargetDependency section */
		A105321B18A0EDB400593951 /* PBXTargetDependency */ = {
			isa = PBXTargetDependency;
			target = A10531F318A0EDB300593951 /* TravelLog */;
			targetProxy = A105321A18A0EDB400593951 /* PBXContainerItemProxy */;
		};
/* End PBXTargetDependency section */

/* Begin PBXVariantGroup section */
		A105320018A0EDB300593951 /* InfoPlist.strings */ = {
			isa = PBXVariantGroup;
			children = (
				A105320118A0EDB300593951 /* en */,
			);
			name = InfoPlist.strings;
			sourceTree = "<group>";
		};
		A105320918A0EDB300593951 /* Main.storyboard */ = {
			isa = PBXVariantGroup;
			children = (
				A105320A18A0EDB300593951 /* Base */,
			);
			name = Main.storyboard;
			sourceTree = "<group>";
		};
		A105321F18A0EDB400593951 /* InfoPlist.strings */ = {
			isa = PBXVariantGroup;
			children = (
				A105322018A0EDB400593951 /* en */,
			);
			name = InfoPlist.strings;
			sourceTree = "<group>";
		};
/* End PBXVariantGroup section */

/* Begin XCBuildConfiguration section */
		A105322418A0EDB400593951 /* Debug */ = {
			isa = XCBuildConfiguration;
			buildSettings = {
				ALWAYS_SEARCH_USER_PATHS = NO;
				ARCHS = "$(ARCHS_STANDARD_INCLUDING_64_BIT)";
				CLANG_CXX_LANGUAGE_STANDARD = "gnu++0x";
				CLANG_CXX_LIBRARY = "libc++";
				CLANG_ENABLE_MODULES = YES;
				CLANG_ENABLE_OBJC_ARC = YES;
				CLANG_WARN_BOOL_CONVERSION = YES;
				CLANG_WARN_CONSTANT_CONVERSION = YES;
				CLANG_WARN_DIRECT_OBJC_ISA_USAGE = YES_ERROR;
				CLANG_WARN_EMPTY_BODY = YES;
				CLANG_WARN_ENUM_CONVERSION = YES;
				CLANG_WARN_INT_CONVERSION = YES;
				CLANG_WARN_OBJC_ROOT_CLASS = YES_ERROR;
				CLANG_WARN__DUPLICATE_METHOD_MATCH = YES;
				"CODE_SIGN_IDENTITY[sdk=iphoneos*]" = "iPhone Developer";
				COPY_PHASE_STRIP = NO;
				GCC_C_LANGUAGE_STANDARD = gnu99;
				GCC_DYNAMIC_NO_PIC = NO;
				GCC_OPTIMIZATION_LEVEL = 0;
				GCC_PREPROCESSOR_DEFINITIONS = (
					"DEBUG=1",
					"$(inherited)",
				);
				GCC_SYMBOLS_PRIVATE_EXTERN = NO;
				GCC_WARN_64_TO_32_BIT_CONVERSION = YES;
				GCC_WARN_ABOUT_RETURN_TYPE = YES_ERROR;
				GCC_WARN_UNDECLARED_SELECTOR = YES;
				GCC_WARN_UNINITIALIZED_AUTOS = YES;
				GCC_WARN_UNUSED_FUNCTION = YES;
				GCC_WARN_UNUSED_VARIABLE = YES;
				IPHONEOS_DEPLOYMENT_TARGET = 7.0;
				ONLY_ACTIVE_ARCH = YES;
				"OTHER_LDFLAGS[arch=*]" = "-ObjC";
				SDKROOT = iphoneos;
			};
			name = Debug;
		};
		A105322518A0EDB400593951 /* Release */ = {
			isa = XCBuildConfiguration;
			buildSettings = {
				ALWAYS_SEARCH_USER_PATHS = NO;
				ARCHS = "$(ARCHS_STANDARD_INCLUDING_64_BIT)";
				CLANG_CXX_LANGUAGE_STANDARD = "gnu++0x";
				CLANG_CXX_LIBRARY = "libc++";
				CLANG_ENABLE_MODULES = YES;
				CLANG_ENABLE_OBJC_ARC = YES;
				CLANG_WARN_BOOL_CONVERSION = YES;
				CLANG_WARN_CONSTANT_CONVERSION = YES;
				CLANG_WARN_DIRECT_OBJC_ISA_USAGE = YES_ERROR;
				CLANG_WARN_EMPTY_BODY = YES;
				CLANG_WARN_ENUM_CONVERSION = YES;
				CLANG_WARN_INT_CONVERSION = YES;
				CLANG_WARN_OBJC_ROOT_CLASS = YES_ERROR;
				CLANG_WARN__DUPLICATE_METHOD_MATCH = YES;
				"CODE_SIGN_IDENTITY[sdk=iphoneos*]" = "iPhone Developer";
				COPY_PHASE_STRIP = YES;
				ENABLE_NS_ASSERTIONS = NO;
				GCC_C_LANGUAGE_STANDARD = gnu99;
				GCC_WARN_64_TO_32_BIT_CONVERSION = YES;
				GCC_WARN_ABOUT_RETURN_TYPE = YES_ERROR;
				GCC_WARN_UNDECLARED_SELECTOR = YES;
				GCC_WARN_UNINITIALIZED_AUTOS = YES;
				GCC_WARN_UNUSED_FUNCTION = YES;
				GCC_WARN_UNUSED_VARIABLE = YES;
				IPHONEOS_DEPLOYMENT_TARGET = 7.0;
				OTHER_LDFLAGS = "-ObjC";
				SDKROOT = iphoneos;
				VALIDATE_PRODUCT = YES;
			};
			name = Release;
		};
		A105322718A0EDB400593951 /* Debug */ = {
			isa = XCBuildConfiguration;
			buildSettings = {
				ASSETCATALOG_COMPILER_APPICON_NAME = AppIcon;
				ASSETCATALOG_COMPILER_LAUNCHIMAGE_NAME = LaunchImage;
				CODE_SIGN_IDENTITY = "iPhone Developer";
				FRAMEWORK_SEARCH_PATHS = (
					"$(inherited)",
					/Users/ami/Desktop/TravelLog/TravelLog,
				);
				GCC_PRECOMPILE_PREFIX_HEADER = YES;
				GCC_PREFIX_HEADER = "TravelLog/TravelLog-Prefix.pch";
				INFOPLIST_FILE = "TravelLog/TravelLog-Info.plist";
				"OTHER_LDFLAGS[arch=*]" = "-ObjC";
				PRODUCT_NAME = "$(TARGET_NAME)";
				WRAPPER_EXTENSION = app;
			};
			name = Debug;
		};
		A105322818A0EDB400593951 /* Release */ = {
			isa = XCBuildConfiguration;
			buildSettings = {
				ASSETCATALOG_COMPILER_APPICON_NAME = AppIcon;
				ASSETCATALOG_COMPILER_LAUNCHIMAGE_NAME = LaunchImage;
				CODE_SIGN_IDENTITY = "iPhone Developer";
				FRAMEWORK_SEARCH_PATHS = (
					"$(inherited)",
					/Users/ami/Desktop/TravelLog/TravelLog,
				);
				GCC_PRECOMPILE_PREFIX_HEADER = YES;
				GCC_PREFIX_HEADER = "TravelLog/TravelLog-Prefix.pch";
				INFOPLIST_FILE = "TravelLog/TravelLog-Info.plist";
				OTHER_LDFLAGS = "-ObjC";
				PRODUCT_NAME = "$(TARGET_NAME)";
				WRAPPER_EXTENSION = app;
			};
			name = Release;
		};
		A105322A18A0EDB400593951 /* Debug */ = {
			isa = XCBuildConfiguration;
			buildSettings = {
				ARCHS = "$(ARCHS_STANDARD_INCLUDING_64_BIT)";
				BUNDLE_LOADER = "$(BUILT_PRODUCTS_DIR)/TravelLog.app/TravelLog";
				FRAMEWORK_SEARCH_PATHS = (
					"$(SDKROOT)/Developer/Library/Frameworks",
					"$(inherited)",
					"$(DEVELOPER_FRAMEWORKS_DIR)",
				);
				GCC_PRECOMPILE_PREFIX_HEADER = YES;
				GCC_PREFIX_HEADER = "TravelLog/TravelLog-Prefix.pch";
				GCC_PREPROCESSOR_DEFINITIONS = (
					"DEBUG=1",
					"$(inherited)",
				);
				INFOPLIST_FILE = "TravelLogTests/TravelLogTests-Info.plist";
				PRODUCT_NAME = "$(TARGET_NAME)";
				TEST_HOST = "$(BUNDLE_LOADER)";
				WRAPPER_EXTENSION = xctest;
			};
			name = Debug;
		};
		A105322B18A0EDB400593951 /* Release */ = {
			isa = XCBuildConfiguration;
			buildSettings = {
				ARCHS = "$(ARCHS_STANDARD_INCLUDING_64_BIT)";
				BUNDLE_LOADER = "$(BUILT_PRODUCTS_DIR)/TravelLog.app/TravelLog";
				FRAMEWORK_SEARCH_PATHS = (
					"$(SDKROOT)/Developer/Library/Frameworks",
					"$(inherited)",
					"$(DEVELOPER_FRAMEWORKS_DIR)",
				);
				GCC_PRECOMPILE_PREFIX_HEADER = YES;
				GCC_PREFIX_HEADER = "TravelLog/TravelLog-Prefix.pch";
				INFOPLIST_FILE = "TravelLogTests/TravelLogTests-Info.plist";
				PRODUCT_NAME = "$(TARGET_NAME)";
				TEST_HOST = "$(BUNDLE_LOADER)";
				WRAPPER_EXTENSION = xctest;
			};
			name = Release;
		};
/* End XCBuildConfiguration section */

/* Begin XCConfigurationList section */
		A10531EF18A0EDB300593951 /* Build configuration list for PBXProject "TravelLog" */ = {
			isa = XCConfigurationList;
			buildConfigurations = (
				A105322418A0EDB400593951 /* Debug */,
				A105322518A0EDB400593951 /* Release */,
			);
			defaultConfigurationIsVisible = 0;
			defaultConfigurationName = Release;
		};
		A105322618A0EDB400593951 /* Build configuration list for PBXNativeTarget "TravelLog" */ = {
			isa = XCConfigurationList;
			buildConfigurations = (
				A105322718A0EDB400593951 /* Debug */,
				A105322818A0EDB400593951 /* Release */,
			);
			defaultConfigurationIsVisible = 0;
			defaultConfigurationName = Release;
		};
		A105322918A0EDB400593951 /* Build configuration list for PBXNativeTarget "TravelLogTests" */ = {
			isa = XCConfigurationList;
			buildConfigurations = (
				A105322A18A0EDB400593951 /* Debug */,
				A105322B18A0EDB400593951 /* Release */,
			);
			defaultConfigurationIsVisible = 0;
			defaultConfigurationName = Release;
		};
/* End XCConfigurationList section */
	};
	rootObject = A10531EC18A0EDB300593951 /* Project object */;
}
